// !$*UTF8*$!
{
	archiveVersion = 1;
	classes = {
	};
	objectVersion = 56;
	objects = {

/* Begin PBXBuildFile section */
		9A649CB528F1B66900499470 /* AppDelegate.swift in Sources */ = {isa = PBXBuildFile; fileRef = 9A649CB428F1B66900499470 /* AppDelegate.swift */; };
		9A649CB928F1B66900499470 /* ContentView.swift in Sources */ = {isa = PBXBuildFile; fileRef = 9A649CB828F1B66900499470 /* ContentView.swift */; };
		9A649CBB28F1B66A00499470 /* Assets.xcassets in Resources */ = {isa = PBXBuildFile; fileRef = 9A649CBA28F1B66A00499470 /* Assets.xcassets */; };
		9A649CBE28F1B66A00499470 /* LaunchScreen.storyboard in Resources */ = {isa = PBXBuildFile; fileRef = 9A649CBC28F1B66A00499470 /* LaunchScreen.storyboard */; };
		9A649CCD28F1B75E00499470 /* ColorPaletteView.swift in Sources */ = {isa = PBXBuildFile; fileRef = 9A649CC728F1B75E00499470 /* ColorPaletteView.swift */; };
		9A649CCE28F1B75E00499470 /* WelcomeViewController.swift in Sources */ = {isa = PBXBuildFile; fileRef = 9A649CC828F1B75E00499470 /* WelcomeViewController.swift */; };
		9A649CCF28F1B75E00499470 /* ColorPaletteView_extension.swift in Sources */ = {isa = PBXBuildFile; fileRef = 9A649CC928F1B75E00499470 /* ColorPaletteView_extension.swift */; };
		9A649CD028F1B75E00499470 /* UIButton_extension.swift in Sources */ = {isa = PBXBuildFile; fileRef = 9A649CCA28F1B75E00499470 /* UIButton_extension.swift */; };
		9A649CD128F1B75E00499470 /* UIColor_extension.swift in Sources */ = {isa = PBXBuildFile; fileRef = 9A649CCB28F1B75E00499470 /* UIColor_extension.swift */; };
		9A649CD228F1B75E00499470 /* UIViewPin.swift in Sources */ = {isa = PBXBuildFile; fileRef = 9A649CCC28F1B75E00499470 /* UIViewPin.swift */; };
		9A649CDA28F3254700499470 /* NotesViewController.swift in Sources */ = {isa = PBXBuildFile; fileRef = 9A649CD928F3254700499470 /* NotesViewController.swift */; };
		9A649CDC28F3275B00499470 /* NotesModel.swift in Sources */ = {isa = PBXBuildFile; fileRef = 9A649CDB28F3275B00499470 /* NotesModel.swift */; };
		9A649CDE28F329DD00499470 /* NoteCell.swift in Sources */ = {isa = PBXBuildFile; fileRef = 9A649CDD28F329DD00499470 /* NoteCell.swift */; };
		9A649CE028F3984200499470 /* AddNoteCell.swift in Sources */ = {isa = PBXBuildFile; fileRef = 9A649CDF28F3984200499470 /* AddNoteCell.swift */; };
/* End PBXBuildFile section */

/* Begin PBXFileReference section */
		9A649CB128F1B66900499470 /* nadumkin@edu.hse.ru PW4.app */ = {isa = PBXFileReference; explicitFileType = wrapper.application; includeInIndex = 0; path = "nadumkin@edu.hse.ru PW4.app"; sourceTree = BUILT_PRODUCTS_DIR; };
		9A649CB428F1B66900499470 /* AppDelegate.swift */ = {isa = PBXFileReference; lastKnownFileType = sourcecode.swift; path = AppDelegate.swift; sourceTree = "<group>"; };
		9A649CB828F1B66900499470 /* ContentView.swift */ = {isa = PBXFileReference; lastKnownFileType = sourcecode.swift; path = ContentView.swift; sourceTree = "<group>"; };
		9A649CBA28F1B66A00499470 /* Assets.xcassets */ = {isa = PBXFileReference; lastKnownFileType = folder.assetcatalog; path = Assets.xcassets; sourceTree = "<group>"; };
		9A649CBD28F1B66A00499470 /* Base */ = {isa = PBXFileReference; lastKnownFileType = file.storyboard; name = Base; path = Base.lproj/LaunchScreen.storyboard; sourceTree = "<group>"; };
		9A649CC728F1B75E00499470 /* ColorPaletteView.swift */ = {isa = PBXFileReference; fileEncoding = 4; lastKnownFileType = sourcecode.swift; path = ColorPaletteView.swift; sourceTree = "<group>"; };
		9A649CC828F1B75E00499470 /* WelcomeViewController.swift */ = {isa = PBXFileReference; fileEncoding = 4; lastKnownFileType = sourcecode.swift; path = WelcomeViewController.swift; sourceTree = "<group>"; };
		9A649CC928F1B75E00499470 /* ColorPaletteView_extension.swift */ = {isa = PBXFileReference; fileEncoding = 4; lastKnownFileType = sourcecode.swift; path = ColorPaletteView_extension.swift; sourceTree = "<group>"; };
		9A649CCA28F1B75E00499470 /* UIButton_extension.swift */ = {isa = PBXFileReference; fileEncoding = 4; lastKnownFileType = sourcecode.swift; path = UIButton_extension.swift; sourceTree = "<group>"; };
		9A649CCB28F1B75E00499470 /* UIColor_extension.swift */ = {isa = PBXFileReference; fileEncoding = 4; lastKnownFileType = sourcecode.swift; path = UIColor_extension.swift; sourceTree = "<group>"; };
		9A649CCC28F1B75E00499470 /* UIViewPin.swift */ = {isa = PBXFileReference; fileEncoding = 4; lastKnownFileType = sourcecode.swift; path = UIViewPin.swift; sourceTree = "<group>"; };
		9A649CD928F3254700499470 /* NotesViewController.swift */ = {isa = PBXFileReference; lastKnownFileType = sourcecode.swift; path = NotesViewController.swift; sourceTree = "<group>"; };
		9A649CDB28F3275B00499470 /* NotesModel.swift */ = {isa = PBXFileReference; lastKnownFileType = sourcecode.swift; path = NotesModel.swift; sourceTree = "<group>"; };
		9A649CDD28F329DD00499470 /* NoteCell.swift */ = {isa = PBXFileReference; lastKnownFileType = sourcecode.swift; path = NoteCell.swift; sourceTree = "<group>"; };
		9A649CDF28F3984200499470 /* AddNoteCell.swift */ = {isa = PBXFileReference; lastKnownFileType = sourcecode.swift; path = AddNoteCell.swift; sourceTree = "<group>"; };
/* End PBXFileReference section */

/* Begin PBXFrameworksBuildPhase section */
		9A649CAE28F1B66900499470 /* Frameworks */ = {
			isa = PBXFrameworksBuildPhase;
			buildActionMask = 2147483647;
			files = (
			);
			runOnlyForDeploymentPostprocessing = 0;
		};
/* End PBXFrameworksBuildPhase section */

/* Begin PBXGroup section */
		9A649CA828F1B66900499470 = {
			isa = PBXGroup;
			children = (
				9A649CB328F1B66900499470 /* nadumkin@edu.hse.ru PW4 */,
				9A649CB228F1B66900499470 /* Products */,
			);
			sourceTree = "<group>";
		};
		9A649CB228F1B66900499470 /* Products */ = {
			isa = PBXGroup;
			children = (
				9A649CB128F1B66900499470 /* nadumkin@edu.hse.ru PW4.app */,
			);
			name = Products;
			sourceTree = "<group>";
		};
		9A649CB328F1B66900499470 /* nadumkin@edu.hse.ru PW4 */ = {
			isa = PBXGroup;
			children = (
				9A649CD828F324ED00499470 /* Model */,
				9A649CD728F324E100499470 /* View */,
				9A649CC628F1B75E00499470 /* Controller */,
				9A649CB428F1B66900499470 /* AppDelegate.swift */,
				9A649CB828F1B66900499470 /* ContentView.swift */,
				9A649CBA28F1B66A00499470 /* Assets.xcassets */,
				9A649CBC28F1B66A00499470 /* LaunchScreen.storyboard */,
			);
			path = "nadumkin@edu.hse.ru PW4";
			sourceTree = "<group>";
		};
		9A649CC628F1B75E00499470 /* Controller */ = {
			isa = PBXGroup;
			children = (
				9A649CC828F1B75E00499470 /* WelcomeViewController.swift */,
				9A649CD928F3254700499470 /* NotesViewController.swift */,
			);
			path = Controller;
			sourceTree = "<group>";
		};
		9A649CD728F324E100499470 /* View */ = {
			isa = PBXGroup;
			children = (
				9A649CCA28F1B75E00499470 /* UIButton_extension.swift */,
				9A649CCB28F1B75E00499470 /* UIColor_extension.swift */,
				9A649CC728F1B75E00499470 /* ColorPaletteView.swift */,
				9A649CC928F1B75E00499470 /* ColorPaletteView_extension.swift */,
				9A649CCC28F1B75E00499470 /* UIViewPin.swift */,
				9A649CDD28F329DD00499470 /* NoteCell.swift */,
				9A649CDF28F3984200499470 /* AddNoteCell.swift */,
			);
			path = View;
			sourceTree = "<group>";
		};
		9A649CD828F324ED00499470 /* Model */ = {
			isa = PBXGroup;
			children = (
				9A649CDB28F3275B00499470 /* NotesModel.swift */,
			);
			path = Model;
			sourceTree = "<group>";
		};
/* End PBXGroup section */

/* Begin PBXNativeTarget section */
		9A649CB028F1B66900499470 /* nadumkin@edu.hse.ru PW4 */ = {
			isa = PBXNativeTarget;
			buildConfigurationList = 9A649CC128F1B66A00499470 /* Build configuration list for PBXNativeTarget "nadumkin@edu.hse.ru PW4" */;
			buildPhases = (
				9A649CAD28F1B66900499470 /* Sources */,
				9A649CAE28F1B66900499470 /* Frameworks */,
				9A649CAF28F1B66900499470 /* Resources */,
			);
			buildRules = (
			);
			dependencies = (
			);
			name = "nadumkin@edu.hse.ru PW4";
			productName = "nadumkin@edu.hse.ru PW4";
			productReference = 9A649CB128F1B66900499470 /* nadumkin@edu.hse.ru PW4.app */;
			productType = "com.apple.product-type.application";
		};
/* End PBXNativeTarget section */

/* Begin PBXProject section */
		9A649CA928F1B66900499470 /* Project object */ = {
			isa = PBXProject;
			attributes = {
				BuildIndependentTargetsInParallel = 1;
				LastSwiftUpdateCheck = 1400;
				LastUpgradeCheck = 1400;
				TargetAttributes = {
					9A649CB028F1B66900499470 = {
						CreatedOnToolsVersion = 14.0;
					};
				};
			};
			buildConfigurationList = 9A649CAC28F1B66900499470 /* Build configuration list for PBXProject "nadumkin@edu.hse.ru PW4" */;
			compatibilityVersion = "Xcode 14.0";
			developmentRegion = en;
			hasScannedForEncodings = 0;
			knownRegions = (
				en,
				Base,
			);
			mainGroup = 9A649CA828F1B66900499470;
			productRefGroup = 9A649CB228F1B66900499470 /* Products */;
			projectDirPath = "";
			projectRoot = "";
			targets = (
				9A649CB028F1B66900499470 /* nadumkin@edu.hse.ru PW4 */,
			);
		};
/* End PBXProject section */

/* Begin PBXResourcesBuildPhase section */
		9A649CAF28F1B66900499470 /* Resources */ = {
			isa = PBXResourcesBuildPhase;
			buildActionMask = 2147483647;
			files = (
				9A649CBB28F1B66A00499470 /* Assets.xcassets in Resources */,
				9A649CBE28F1B66A00499470 /* LaunchScreen.storyboard in Resources */,
			);
			runOnlyForDeploymentPostprocessing = 0;
		};
/* End PBXResourcesBuildPhase section */

/* Begin PBXSourcesBuildPhase section */
		9A649CAD28F1B66900499470 /* Sources */ = {
			isa = PBXSourcesBuildPhase;
			buildActionMask = 2147483647;
			files = (
				9A649CB528F1B66900499470 /* AppDelegate.swift in Sources */,
				9A649CD028F1B75E00499470 /* UIButton_extension.swift in Sources */,
				9A649CDE28F329DD00499470 /* NoteCell.swift in Sources */,
				9A649CD228F1B75E00499470 /* UIViewPin.swift in Sources */,
				9A649CCE28F1B75E00499470 /* WelcomeViewController.swift in Sources */,
				9A649CCF28F1B75E00499470 /* ColorPaletteView_extension.swift in Sources */,
				9A649CDA28F3254700499470 /* NotesViewController.swift in Sources */,
				9A649CE028F3984200499470 /* AddNoteCell.swift in Sources */,
				9A649CCD28F1B75E00499470 /* ColorPaletteView.swift in Sources */,
				9A649CB928F1B66900499470 /* ContentView.swift in Sources */,
				9A649CD128F1B75E00499470 /* UIColor_extension.swift in Sources */,
				9A649CDC28F3275B00499470 /* NotesModel.swift in Sources */,
			);
			runOnlyForDeploymentPostprocessing = 0;
		};
/* End PBXSourcesBuildPhase section */

/* Begin PBXVariantGroup section */
		9A649CBC28F1B66A00499470 /* LaunchScreen.storyboard */ = {
			isa = PBXVariantGroup;
			children = (
				9A649CBD28F1B66A00499470 /* Base */,
			);
			name = LaunchScreen.storyboard;
			sourceTree = "<group>";
		};
/* End PBXVariantGroup section */

/* Begin XCBuildConfiguration section */
		9A649CBF28F1B66A00499470 /* Debug */ = {
			isa = XCBuildConfiguration;
			buildSettings = {
				ALWAYS_SEARCH_USER_PATHS = NO;
				CLANG_ANALYZER_NONNULL = YES;
				CLANG_ANALYZER_NUMBER_OBJECT_CONVERSION = YES_AGGRESSIVE;
				CLANG_CXX_LANGUAGE_STANDARD = "gnu++20";
				CLANG_ENABLE_MODULES = YES;
				CLANG_ENABLE_OBJC_ARC = YES;
				CLANG_ENABLE_OBJC_WEAK = YES;
				CLANG_WARN_BLOCK_CAPTURE_AUTORELEASING = YES;
				CLANG_WARN_BOOL_CONVERSION = YES;
				CLANG_WARN_COMMA = YES;
				CLANG_WARN_CONSTANT_CONVERSION = YES;
				CLANG_WARN_DEPRECATED_OBJC_IMPLEMENTATIONS = YES;
				CLANG_WARN_DIRECT_OBJC_ISA_USAGE = YES_ERROR;
				CLANG_WARN_DOCUMENTATION_COMMENTS = YES;
				CLANG_WARN_EMPTY_BODY = YES;
				CLANG_WARN_ENUM_CONVERSION = YES;
				CLANG_WARN_INFINITE_RECURSION = YES;
				CLANG_WARN_INT_CONVERSION = YES;
				CLANG_WARN_NON_LITERAL_NULL_CONVERSION = YES;
				CLANG_WARN_OBJC_IMPLICIT_RETAIN_SELF = YES;
				CLANG_WARN_OBJC_LITERAL_CONVERSION = YES;
				CLANG_WARN_OBJC_ROOT_CLASS = YES_ERROR;
				CLANG_WARN_QUOTED_INCLUDE_IN_FRAMEWORK_HEADER = YES;
				CLANG_WARN_RANGE_LOOP_ANALYSIS = YES;
				CLANG_WARN_STRICT_PROTOTYPES = YES;
				CLANG_WARN_SUSPICIOUS_MOVE = YES;
				CLANG_WARN_UNGUARDED_AVAILABILITY = YES_AGGRESSIVE;
				CLANG_WARN_UNREACHABLE_CODE = YES;
				CLANG_WARN__DUPLICATE_METHOD_MATCH = YES;
				COPY_PHASE_STRIP = NO;
				DEBUG_INFORMATION_FORMAT = dwarf;
				ENABLE_STRICT_OBJC_MSGSEND = YES;
				ENABLE_TESTABILITY = YES;
				GCC_C_LANGUAGE_STANDARD = gnu11;
				GCC_DYNAMIC_NO_PIC = NO;
				GCC_NO_COMMON_BLOCKS = YES;
				GCC_OPTIMIZATION_LEVEL = 0;
				GCC_PREPROCESSOR_DEFINITIONS = (
					"DEBUG=1",
					"$(inherited)",
				);
				GCC_WARN_64_TO_32_BIT_CONVERSION = YES;
				GCC_WARN_ABOUT_RETURN_TYPE = YES_ERROR;
				GCC_WARN_UNDECLARED_SELECTOR = YES;
				GCC_WARN_UNINITIALIZED_AUTOS = YES_AGGRESSIVE;
				GCC_WARN_UNUSED_FUNCTION = YES;
				GCC_WARN_UNUSED_VARIABLE = YES;
				IPHONEOS_DEPLOYMENT_TARGET = 16.0;
				MTL_ENABLE_DEBUG_INFO = INCLUDE_SOURCE;
				MTL_FAST_MATH = YES;
				ONLY_ACTIVE_ARCH = YES;
				SDKROOT = iphoneos;
				SWIFT_ACTIVE_COMPILATION_CONDITIONS = DEBUG;
				SWIFT_OPTIMIZATION_LEVEL = "-Onone";
			};
			name = Debug;
		};
		9A649CC028F1B66A00499470 /* Release */ = {
			isa = XCBuildConfiguration;
			buildSettings = {
				ALWAYS_SEARCH_USER_PATHS = NO;
				CLANG_ANALYZER_NONNULL = YES;
				CLANG_ANALYZER_NUMBER_OBJECT_CONVERSION = YES_AGGRESSIVE;
				CLANG_CXX_LANGUAGE_STANDARD = "gnu++20";
				CLANG_ENABLE_MODULES = YES;
				CLANG_ENABLE_OBJC_ARC = YES;
				CLANG_ENABLE_OBJC_WEAK = YES;
				CLANG_WARN_BLOCK_CAPTURE_AUTORELEASING = YES;
				CLANG_WARN_BOOL_CONVERSION = YES;
				CLANG_WARN_COMMA = YES;
				CLANG_WARN_CONSTANT_CONVERSION = YES;
				CLANG_WARN_DEPRECATED_OBJC_IMPLEMENTATIONS = YES;
				CLANG_WARN_DIRECT_OBJC_ISA_USAGE = YES_ERROR;
				CLANG_WARN_DOCUMENTATION_COMMENTS = YES;
				CLANG_WARN_EMPTY_BODY = YES;
				CLANG_WARN_ENUM_CONVERSION = YES;
				CLANG_WARN_INFINITE_RECURSION = YES;
				CLANG_WARN_INT_CONVERSION = YES;
				CLANG_WARN_NON_LITERAL_NULL_CONVERSION = YES;
				CLANG_WARN_OBJC_IMPLICIT_RETAIN_SELF = YES;
				CLANG_WARN_OBJC_LITERAL_CONVERSION = YES;
				CLANG_WARN_OBJC_ROOT_CLASS = YES_ERROR;
				CLANG_WARN_QUOTED_INCLUDE_IN_FRAMEWORK_HEADER = YES;
				CLANG_WARN_RANGE_LOOP_ANALYSIS = YES;
				CLANG_WARN_STRICT_PROTOTYPES = YES;
				CLANG_WARN_SUSPICIOUS_MOVE = YES;
				CLANG_WARN_UNGUARDED_AVAILABILITY = YES_AGGRESSIVE;
				CLANG_WARN_UNREACHABLE_CODE = YES;
				CLANG_WARN__DUPLICATE_METHOD_MATCH = YES;
				COPY_PHASE_STRIP = NO;
				DEBUG_INFORMATION_FORMAT = "dwarf-with-dsym";
				ENABLE_NS_ASSERTIONS = NO;
				ENABLE_STRICT_OBJC_MSGSEND = YES;
				GCC_C_LANGUAGE_STANDARD = gnu11;
				GCC_NO_COMMON_BLOCKS = YES;
				GCC_WARN_64_TO_32_BIT_CONVERSION = YES;
				GCC_WARN_ABOUT_RETURN_TYPE = YES_ERROR;
				GCC_WARN_UNDECLARED_SELECTOR = YES;
				GCC_WARN_UNINITIALIZED_AUTOS = YES_AGGRESSIVE;
				GCC_WARN_UNUSED_FUNCTION = YES;
				GCC_WARN_UNUSED_VARIABLE = YES;
				IPHONEOS_DEPLOYMENT_TARGET = 16.0;
				MTL_ENABLE_DEBUG_INFO = NO;
				MTL_FAST_MATH = YES;
				SDKROOT = iphoneos;
				SWIFT_COMPILATION_MODE = wholemodule;
				SWIFT_OPTIMIZATION_LEVEL = "-O";
				VALIDATE_PRODUCT = YES;
			};
			name = Release;
		};
		9A649CC228F1B66A00499470 /* Debug */ = {
			isa = XCBuildConfiguration;
			buildSettings = {
				ASSETCATALOG_COMPILER_APPICON_NAME = AppIcon;
				ASSETCATALOG_COMPILER_GLOBAL_ACCENT_COLOR_NAME = AccentColor;
				CODE_SIGN_STYLE = Automatic;
				CURRENT_PROJECT_VERSION = 1;
				DEVELOPMENT_TEAM = V4HJGXFQ8J;
				GENERATE_INFOPLIST_FILE = YES;
				INFOPLIST_KEY_UIApplicationSupportsIndirectInputEvents = YES;
				INFOPLIST_KEY_UILaunchStoryboardName = LaunchScreen;
				INFOPLIST_KEY_UISupportedInterfaceOrientations_iPad = "UIInterfaceOrientationPortrait UIInterfaceOrientationPortraitUpsideDown UIInterfaceOrientationLandscapeLeft UIInterfaceOrientationLandscapeRight";
				INFOPLIST_KEY_UISupportedInterfaceOrientations_iPhone = "UIInterfaceOrientationPortrait UIInterfaceOrientationLandscapeLeft UIInterfaceOrientationLandscapeRight";
				LD_RUNPATH_SEARCH_PATHS = (
					"$(inherited)",
					"@executable_path/Frameworks",
				);
				MARKETING_VERSION = 1.0;
				PRODUCT_BUNDLE_IDENTIFIER = "Nikita-s-company.nadumkin-edu-hse-ru-PW4";
				PRODUCT_NAME = "$(TARGET_NAME)";
				SWIFT_EMIT_LOC_STRINGS = YES;
				SWIFT_VERSION = 5.0;
				TARGETED_DEVICE_FAMILY = "1,2";
			};
			name = Debug;
		};
		9A649CC328F1B66A00499470 /* Release */ = {
			isa = XCBuildConfiguration;
			buildSettings = {
				ASSETCATALOG_COMPILER_APPICON_NAME = AppIcon;
				ASSETCATALOG_COMPILER_GLOBAL_ACCENT_COLOR_NAME = AccentColor;
				CODE_SIGN_STYLE = Automatic;
				CURRENT_PROJECT_VERSION = 1;
				DEVELOPMENT_TEAM = V4HJGXFQ8J;
				GENERATE_INFOPLIST_FILE = YES;
				INFOPLIST_KEY_UIApplicationSupportsIndirectInputEvents = YES;
				INFOPLIST_KEY_UILaunchStoryboardName = LaunchScreen;
				INFOPLIST_KEY_UISupportedInterfaceOrientations_iPad = "UIInterfaceOrientationPortrait UIInterfaceOrientationPortraitUpsideDown UIInterfaceOrientationLandscapeLeft UIInterfaceOrientationLandscapeRight";
				INFOPLIST_KEY_UISupportedInterfaceOrientations_iPhone = "UIInterfaceOrientationPortrait UIInterfaceOrientationLandscapeLeft UIInterfaceOrientationLandscapeRight";
				LD_RUNPATH_SEARCH_PATHS = (
					"$(inherited)",
					"@executable_path/Frameworks",
				);
				MARKETING_VERSION = 1.0;
				PRODUCT_BUNDLE_IDENTIFIER = "Nikita-s-company.nadumkin-edu-hse-ru-PW4";
				PRODUCT_NAME = "$(TARGET_NAME)";
				SWIFT_EMIT_LOC_STRINGS = YES;
				SWIFT_VERSION = 5.0;
				TARGETED_DEVICE_FAMILY = "1,2";
			};
			name = Release;
		};
/* End XCBuildConfiguration section */

/* Begin XCConfigurationList section */
		9A649CAC28F1B66900499470 /* Build configuration list for PBXProject "nadumkin@edu.hse.ru PW4" */ = {
			isa = XCConfigurationList;
			buildConfigurations = (
				9A649CBF28F1B66A00499470 /* Debug */,
				9A649CC028F1B66A00499470 /* Release */,
			);
			defaultConfigurationIsVisible = 0;
			defaultConfigurationName = Release;
		};
		9A649CC128F1B66A00499470 /* Build configuration list for PBXNativeTarget "nadumkin@edu.hse.ru PW4" */ = {
			isa = XCConfigurationList;
			buildConfigurations = (
				9A649CC228F1B66A00499470 /* Debug */,
				9A649CC328F1B66A00499470 /* Release */,
			);
			defaultConfigurationIsVisible = 0;
			defaultConfigurationName = Release;
		};
/* End XCConfigurationList section */
	};
	rootObject = 9A649CA928F1B66900499470 /* Project object */;
}
